// !$*UTF8*$!
{
	archiveVersion = 1;
	classes = {
	};
	objectVersion = 46;
	objects = {

/* Begin PBXBuildFile section */
		A6FE4EC61E25BE1C00C9C7AA /* main.m in Sources */ = {isa = PBXBuildFile; fileRef = A6FE4EC51E25BE1C00C9C7AA /* main.m */; };
		A6FE4EC91E25BE1C00C9C7AA /* AppDelegate.m in Sources */ = {isa = PBXBuildFile; fileRef = A6FE4EC81E25BE1C00C9C7AA /* AppDelegate.m */; };
		A6FE4ECC1E25BE1C00C9C7AA /* ViewController.m in Sources */ = {isa = PBXBuildFile; fileRef = A6FE4ECB1E25BE1C00C9C7AA /* ViewController.m */; };
		A6FE4ECF1E25BE1C00C9C7AA /* Main.storyboard in Resources */ = {isa = PBXBuildFile; fileRef = A6FE4ECD1E25BE1C00C9C7AA /* Main.storyboard */; };
		A6FE4ED11E25BE1C00C9C7AA /* Assets.xcassets in Resources */ = {isa = PBXBuildFile; fileRef = A6FE4ED01E25BE1C00C9C7AA /* Assets.xcassets */; };
		A6FE4ED41E25BE1C00C9C7AA /* LaunchScreen.storyboard in Resources */ = {isa = PBXBuildFile; fileRef = A6FE4ED21E25BE1C00C9C7AA /* LaunchScreen.storyboard */; };
		A6FE4EDF1E25BE1D00C9C7AA /* FYUMSocialShareDemoTests.m in Sources */ = {isa = PBXBuildFile; fileRef = A6FE4EDE1E25BE1D00C9C7AA /* FYUMSocialShareDemoTests.m */; };
		A6FE4EEA1E25BE1D00C9C7AA /* FYUMSocialShareDemoUITests.m in Sources */ = {isa = PBXBuildFile; fileRef = A6FE4EE91E25BE1D00C9C7AA /* FYUMSocialShareDemoUITests.m */; };
/* End PBXBuildFile section */

/* Begin PBXContainerItemProxy section */
		A6FE4EDB1E25BE1D00C9C7AA /* PBXContainerItemProxy */ = {
			isa = PBXContainerItemProxy;
			containerPortal = A6FE4EB91E25BE1C00C9C7AA /* Project object */;
			proxyType = 1;
			remoteGlobalIDString = A6FE4EC01E25BE1C00C9C7AA;
			remoteInfo = FYUMSocialShareDemo;
		};
		A6FE4EE61E25BE1D00C9C7AA /* PBXContainerItemProxy */ = {
			isa = PBXContainerItemProxy;
			containerPortal = A6FE4EB91E25BE1C00C9C7AA /* Project object */;
			proxyType = 1;
			remoteGlobalIDString = A6FE4EC01E25BE1C00C9C7AA;
			remoteInfo = FYUMSocialShareDemo;
		};
/* End PBXContainerItemProxy section */

/* Begin PBXFileReference section */
		A6FE4EC11E25BE1C00C9C7AA /* FYUMSocialShareDemo.app */ = {isa = PBXFileReference; explicitFileType = wrapper.application; includeInIndex = 0; path = FYUMSocialShareDemo.app; sourceTree = BUILT_PRODUCTS_DIR; };
		A6FE4EC51E25BE1C00C9C7AA /* main.m */ = {isa = PBXFileReference; lastKnownFileType = sourcecode.c.objc; path = main.m; sourceTree = "<group>"; };
		A6FE4EC71E25BE1C00C9C7AA /* AppDelegate.h */ = {isa = PBXFileReference; lastKnownFileType = sourcecode.c.h; path = AppDelegate.h; sourceTree = "<group>"; };
		A6FE4EC81E25BE1C00C9C7AA /* AppDelegate.m */ = {isa = PBXFileReference; lastKnownFileType = sourcecode.c.objc; path = AppDelegate.m; sourceTree = "<group>"; };
		A6FE4ECA1E25BE1C00C9C7AA /* ViewController.h */ = {isa = PBXFileReference; lastKnownFileType = sourcecode.c.h; path = ViewController.h; sourceTree = "<group>"; };
		A6FE4ECB1E25BE1C00C9C7AA /* ViewController.m */ = {isa = PBXFileReference; lastKnownFileType = sourcecode.c.objc; path = ViewController.m; sourceTree = "<group>"; };
		A6FE4ECE1E25BE1C00C9C7AA /* Base */ = {isa = PBXFileReference; lastKnownFileType = file.storyboard; name = Base; path = Base.lproj/Main.storyboard; sourceTree = "<group>"; };
		A6FE4ED01E25BE1C00C9C7AA /* Assets.xcassets */ = {isa = PBXFileReference; lastKnownFileType = folder.assetcatalog; path = Assets.xcassets; sourceTree = "<group>"; };
		A6FE4ED31E25BE1C00C9C7AA /* Base */ = {isa = PBXFileReference; lastKnownFileType = file.storyboard; name = Base; path = Base.lproj/LaunchScreen.storyboard; sourceTree = "<group>"; };
		A6FE4ED51E25BE1C00C9C7AA /* Info.plist */ = {isa = PBXFileReference; lastKnownFileType = text.plist.xml; path = Info.plist; sourceTree = "<group>"; };
		A6FE4EDA1E25BE1D00C9C7AA /* FYUMSocialShareDemoTests.xctest */ = {isa = PBXFileReference; explicitFileType = wrapper.cfbundle; includeInIndex = 0; path = FYUMSocialShareDemoTests.xctest; sourceTree = BUILT_PRODUCTS_DIR; };
		A6FE4EDE1E25BE1D00C9C7AA /* FYUMSocialShareDemoTests.m */ = {isa = PBXFileReference; lastKnownFileType = sourcecode.c.objc; path = FYUMSocialShareDemoTests.m; sourceTree = "<group>"; };
		A6FE4EE01E25BE1D00C9C7AA /* Info.plist */ = {isa = PBXFileReference; lastKnownFileType = text.plist.xml; path = Info.plist; sourceTree = "<group>"; };
		A6FE4EE51E25BE1D00C9C7AA /* FYUMSocialShareDemoUITests.xctest */ = {isa = PBXFileReference; explicitFileType = wrapper.cfbundle; includeInIndex = 0; path = FYUMSocialShareDemoUITests.xctest; sourceTree = BUILT_PRODUCTS_DIR; };
		A6FE4EE91E25BE1D00C9C7AA /* FYUMSocialShareDemoUITests.m */ = {isa = PBXFileReference; lastKnownFileType = sourcecode.c.objc; path = FYUMSocialShareDemoUITests.m; sourceTree = "<group>"; };
		A6FE4EEB1E25BE1D00C9C7AA /* Info.plist */ = {isa = PBXFileReference; lastKnownFileType = text.plist.xml; path = Info.plist; sourceTree = "<group>"; };
/* End PBXFileReference section */

/* Begin PBXFrameworksBuildPhase section */
		A6FE4EBE1E25BE1C00C9C7AA /* Frameworks */ = {
			isa = PBXFrameworksBuildPhase;
			buildActionMask = 2147483647;
			files = (
			);
			runOnlyForDeploymentPostprocessing = 0;
		};
		A6FE4ED71E25BE1D00C9C7AA /* Frameworks */ = {
			isa = PBXFrameworksBuildPhase;
			buildActionMask = 2147483647;
			files = (
			);
			runOnlyForDeploymentPostprocessing = 0;
		};
		A6FE4EE21E25BE1D00C9C7AA /* Frameworks */ = {
			isa = PBXFrameworksBuildPhase;
			buildActionMask = 2147483647;
			files = (
			);
			runOnlyForDeploymentPostprocessing = 0;
		};
/* End PBXFrameworksBuildPhase section */

/* Begin PBXGroup section */
		A6FE4EB81E25BE1C00C9C7AA = {
			isa = PBXGroup;
			children = (
				A6FE4EC31E25BE1C00C9C7AA /* FYUMSocialShareDemo */,
				A6FE4EDD1E25BE1D00C9C7AA /* FYUMSocialShareDemoTests */,
				A6FE4EE81E25BE1D00C9C7AA /* FYUMSocialShareDemoUITests */,
				A6FE4EC21E25BE1C00C9C7AA /* Products */,
			);
			sourceTree = "<group>";
		};
		A6FE4EC21E25BE1C00C9C7AA /* Products */ = {
			isa = PBXGroup;
			children = (
				A6FE4EC11E25BE1C00C9C7AA /* FYUMSocialShareDemo.app */,
				A6FE4EDA1E25BE1D00C9C7AA /* FYUMSocialShareDemoTests.xctest */,
				A6FE4EE51E25BE1D00C9C7AA /* FYUMSocialShareDemoUITests.xctest */,
			);
			name = Products;
			sourceTree = "<group>";
		};
		A6FE4EC31E25BE1C00C9C7AA /* FYUMSocialShareDemo */ = {
			isa = PBXGroup;
			children = (
				A6FE4EC71E25BE1C00C9C7AA /* AppDelegate.h */,
				A6FE4EC81E25BE1C00C9C7AA /* AppDelegate.m */,
				A6FE4ECA1E25BE1C00C9C7AA /* ViewController.h */,
				A6FE4ECB1E25BE1C00C9C7AA /* ViewController.m */,
				A6FE4ECD1E25BE1C00C9C7AA /* Main.storyboard */,
				A6FE4ED01E25BE1C00C9C7AA /* Assets.xcassets */,
				A6FE4ED21E25BE1C00C9C7AA /* LaunchScreen.storyboard */,
				A6FE4ED51E25BE1C00C9C7AA /* Info.plist */,
				A6FE4EC41E25BE1C00C9C7AA /* Supporting Files */,
			);
			path = FYUMSocialShareDemo;
			sourceTree = "<group>";
		};
		A6FE4EC41E25BE1C00C9C7AA /* Supporting Files */ = {
			isa = PBXGroup;
			children = (
				A6FE4EC51E25BE1C00C9C7AA /* main.m */,
			);
			name = "Supporting Files";
			sourceTree = "<group>";
		};
		A6FE4EDD1E25BE1D00C9C7AA /* FYUMSocialShareDemoTests */ = {
			isa = PBXGroup;
			children = (
				A6FE4EDE1E25BE1D00C9C7AA /* FYUMSocialShareDemoTests.m */,
				A6FE4EE01E25BE1D00C9C7AA /* Info.plist */,
			);
			path = FYUMSocialShareDemoTests;
			sourceTree = "<group>";
		};
		A6FE4EE81E25BE1D00C9C7AA /* FYUMSocialShareDemoUITests */ = {
			isa = PBXGroup;
			children = (
				A6FE4EE91E25BE1D00C9C7AA /* FYUMSocialShareDemoUITests.m */,
				A6FE4EEB1E25BE1D00C9C7AA /* Info.plist */,
			);
			path = FYUMSocialShareDemoUITests;
			sourceTree = "<group>";
		};
/* End PBXGroup section */

/* Begin PBXNativeTarget section */
		A6FE4EC01E25BE1C00C9C7AA /* FYUMSocialShareDemo */ = {
			isa = PBXNativeTarget;
			buildConfigurationList = A6FE4EEE1E25BE1D00C9C7AA /* Build configuration list for PBXNativeTarget "FYUMSocialShareDemo" */;
			buildPhases = (
				A6FE4EBD1E25BE1C00C9C7AA /* Sources */,
				A6FE4EBE1E25BE1C00C9C7AA /* Frameworks */,
				A6FE4EBF1E25BE1C00C9C7AA /* Resources */,
			);
			buildRules = (
			);
			dependencies = (
			);
			name = FYUMSocialShareDemo;
			productName = FYUMSocialShareDemo;
			productReference = A6FE4EC11E25BE1C00C9C7AA /* FYUMSocialShareDemo.app */;
			productType = "com.apple.product-type.application";
		};
		A6FE4ED91E25BE1D00C9C7AA /* FYUMSocialShareDemoTests */ = {
			isa = PBXNativeTarget;
			buildConfigurationList = A6FE4EF11E25BE1D00C9C7AA /* Build configuration list for PBXNativeTarget "FYUMSocialShareDemoTests" */;
			buildPhases = (
				A6FE4ED61E25BE1D00C9C7AA /* Sources */,
				A6FE4ED71E25BE1D00C9C7AA /* Frameworks */,
				A6FE4ED81E25BE1D00C9C7AA /* Resources */,
			);
			buildRules = (
			);
			dependencies = (
				A6FE4EDC1E25BE1D00C9C7AA /* PBXTargetDependency */,
			);
			name = FYUMSocialShareDemoTests;
			productName = FYUMSocialShareDemoTests;
			productReference = A6FE4EDA1E25BE1D00C9C7AA /* FYUMSocialShareDemoTests.xctest */;
			productType = "com.apple.product-type.bundle.unit-test";
		};
		A6FE4EE41E25BE1D00C9C7AA /* FYUMSocialShareDemoUITests */ = {
			isa = PBXNativeTarget;
			buildConfigurationList = A6FE4EF41E25BE1D00C9C7AA /* Build configuration list for PBXNativeTarget "FYUMSocialShareDemoUITests" */;
			buildPhases = (
				A6FE4EE11E25BE1D00C9C7AA /* Sources */,
				A6FE4EE21E25BE1D00C9C7AA /* Frameworks */,
				A6FE4EE31E25BE1D00C9C7AA /* Resources */,
			);
			buildRules = (
			);
			dependencies = (
				A6FE4EE71E25BE1D00C9C7AA /* PBXTargetDependency */,
			);
			name = FYUMSocialShareDemoUITests;
			productName = FYUMSocialShareDemoUITests;
			productReference = A6FE4EE51E25BE1D00C9C7AA /* FYUMSocialShareDemoUITests.xctest */;
			productType = "com.apple.product-type.bundle.ui-testing";
		};
/* End PBXNativeTarget section */

/* Begin PBXProject section */
		A6FE4EB91E25BE1C00C9C7AA /* Project object */ = {
			isa = PBXProject;
			attributes = {
				LastUpgradeCheck = 0820;
				ORGANIZATIONNAME = FY;
				TargetAttributes = {
					A6FE4EC01E25BE1C00C9C7AA = {
						CreatedOnToolsVersion = 8.2;
						ProvisioningStyle = Automatic;
					};
					A6FE4ED91E25BE1D00C9C7AA = {
						CreatedOnToolsVersion = 8.2;
						ProvisioningStyle = Automatic;
						TestTargetID = A6FE4EC01E25BE1C00C9C7AA;
					};
					A6FE4EE41E25BE1D00C9C7AA = {
						CreatedOnToolsVersion = 8.2;
						ProvisioningStyle = Automatic;
						TestTargetID = A6FE4EC01E25BE1C00C9C7AA;
					};
				};
			};
			buildConfigurationList = A6FE4EBC1E25BE1C00C9C7AA /* Build configuration list for PBXProject "FYUMSocialShareDemo" */;
			compatibilityVersion = "Xcode 3.2";
			developmentRegion = English;
			hasScannedForEncodings = 0;
			knownRegions = (
				en,
				Base,
			);
			mainGroup = A6FE4EB81E25BE1C00C9C7AA;
			productRefGroup = A6FE4EC21E25BE1C00C9C7AA /* Products */;
			projectDirPath = "";
			projectRoot = "";
			targets = (
				A6FE4EC01E25BE1C00C9C7AA /* FYUMSocialShareDemo */,
				A6FE4ED91E25BE1D00C9C7AA /* FYUMSocialShareDemoTests */,
				A6FE4EE41E25BE1D00C9C7AA /* FYUMSocialShareDemoUITests */,
			);
		};
/* End PBXProject section */

/* Begin PBXResourcesBuildPhase section */
		A6FE4EBF1E25BE1C00C9C7AA /* Resources */ = {
			isa = PBXResourcesBuildPhase;
			buildActionMask = 2147483647;
			files = (
				A6FE4ED41E25BE1C00C9C7AA /* LaunchScreen.storyboard in Resources */,
				A6FE4ED11E25BE1C00C9C7AA /* Assets.xcassets in Resources */,
				A6FE4ECF1E25BE1C00C9C7AA /* Main.storyboard in Resources */,
			);
			runOnlyForDeploymentPostprocessing = 0;
		};
		A6FE4ED81E25BE1D00C9C7AA /* Resources */ = {
			isa = PBXResourcesBuildPhase;
			buildActionMask = 2147483647;
			files = (
			);
			runOnlyForDeploymentPostprocessing = 0;
		};
		A6FE4EE31E25BE1D00C9C7AA /* Resources */ = {
			isa = PBXResourcesBuildPhase;
			buildActionMask = 2147483647;
			files = (
			);
			runOnlyForDeploymentPostprocessing = 0;
		};
/* End PBXResourcesBuildPhase section */

/* Begin PBXSourcesBuildPhase section */
		A6FE4EBD1E25BE1C00C9C7AA /* Sources */ = {
			isa = PBXSourcesBuildPhase;
			buildActionMask = 2147483647;
			files = (
				A6FE4ECC1E25BE1C00C9C7AA /* ViewController.m in Sources */,
				A6FE4EC91E25BE1C00C9C7AA /* AppDelegate.m in Sources */,
				A6FE4EC61E25BE1C00C9C7AA /* main.m in Sources */,
			);
			runOnlyForDeploymentPostprocessing = 0;
		};
		A6FE4ED61E25BE1D00C9C7AA /* Sources */ = {
			isa = PBXSourcesBuildPhase;
			buildActionMask = 2147483647;
			files = (
				A6FE4EDF1E25BE1D00C9C7AA /* FYUMSocialShareDemoTests.m in Sources */,
			);
			runOnlyForDeploymentPostprocessing = 0;
		};
		A6FE4EE11E25BE1D00C9C7AA /* Sources */ = {
			isa = PBXSourcesBuildPhase;
			buildActionMask = 2147483647;
			files = (
				A6FE4EEA1E25BE1D00C9C7AA /* FYUMSocialShareDemoUITests.m in Sources */,
			);
			runOnlyForDeploymentPostprocessing = 0;
		};
/* End PBXSourcesBuildPhase section */

/* Begin PBXTargetDependency section */
		A6FE4EDC1E25BE1D00C9C7AA /* PBXTargetDependency */ = {
			isa = PBXTargetDependency;
			target = A6FE4EC01E25BE1C00C9C7AA /* FYUMSocialShareDemo */;
			targetProxy = A6FE4EDB1E25BE1D00C9C7AA /* PBXContainerItemProxy */;
		};
		A6FE4EE71E25BE1D00C9C7AA /* PBXTargetDependency */ = {
			isa = PBXTargetDependency;
			target = A6FE4EC01E25BE1C00C9C7AA /* FYUMSocialShareDemo */;
			targetProxy = A6FE4EE61E25BE1D00C9C7AA /* PBXContainerItemProxy */;
		};
/* End PBXTargetDependency section */

/* Begin PBXVariantGroup section */
		A6FE4ECD1E25BE1C00C9C7AA /* Main.storyboard */ = {
			isa = PBXVariantGroup;
			children = (
				A6FE4ECE1E25BE1C00C9C7AA /* Base */,
			);
			name = Main.storyboard;
			sourceTree = "<group>";
		};
		A6FE4ED21E25BE1C00C9C7AA /* LaunchScreen.storyboard */ = {
			isa = PBXVariantGroup;
			children = (
				A6FE4ED31E25BE1C00C9C7AA /* Base */,
			);
			name = LaunchScreen.storyboard;
			sourceTree = "<group>";
		};
/* End PBXVariantGroup section */

/* Begin XCBuildConfiguration section */
		A6FE4EEC1E25BE1D00C9C7AA /* Debug */ = {
			isa = XCBuildConfiguration;
			buildSettings = {
				ALWAYS_SEARCH_USER_PATHS = NO;
				CLANG_ANALYZER_NONNULL = YES;
				CLANG_CXX_LANGUAGE_STANDARD = "gnu++0x";
				CLANG_CXX_LIBRARY = "libc++";
				CLANG_ENABLE_MODULES = YES;
				CLANG_ENABLE_OBJC_ARC = YES;
				CLANG_WARN_BOOL_CONVERSION = YES;
				CLANG_WARN_CONSTANT_CONVERSION = YES;
				CLANG_WARN_DIRECT_OBJC_ISA_USAGE = YES_ERROR;
				CLANG_WARN_DOCUMENTATION_COMMENTS = YES;
				CLANG_WARN_EMPTY_BODY = YES;
				CLANG_WARN_ENUM_CONVERSION = YES;
				CLANG_WARN_INFINITE_RECURSION = YES;
				CLANG_WARN_INT_CONVERSION = YES;
				CLANG_WARN_OBJC_ROOT_CLASS = YES_ERROR;
				CLANG_WARN_SUSPICIOUS_MOVE = YES;
				CLANG_WARN_UNREACHABLE_CODE = YES;
				CLANG_WARN__DUPLICATE_METHOD_MATCH = YES;
				"CODE_SIGN_IDENTITY[sdk=iphoneos*]" = "iPhone Developer";
				COPY_PHASE_STRIP = NO;
				DEBUG_INFORMATION_FORMAT = dwarf;
				ENABLE_STRICT_OBJC_MSGSEND = YES;
				ENABLE_TESTABILITY = YES;
				GCC_C_LANGUAGE_STANDARD = gnu99;
				GCC_DYNAMIC_NO_PIC = NO;
				GCC_NO_COMMON_BLOCKS = YES;
				GCC_OPTIMIZATION_LEVEL = 0;
				GCC_PREPROCESSOR_DEFINITIONS = (
					"DEBUG=1",
					"$(inherited)",
				);
				GCC_WARN_64_TO_32_BIT_CONVERSION = YES;
				GCC_WARN_ABOUT_RETURN_TYPE = YES_ERROR;
				GCC_WARN_UNDECLARED_SELECTOR = YES;
				GCC_WARN_UNINITIALIZED_AUTOS = YES_AGGRESSIVE;
				GCC_WARN_UNUSED_FUNCTION = YES;
				GCC_WARN_UNUSED_VARIABLE = YES;
				IPHONEOS_DEPLOYMENT_TARGET = 10.2;
				MTL_ENABLE_DEBUG_INFO = YES;
				ONLY_ACTIVE_ARCH = YES;
				SDKROOT = iphoneos;
			};
			name = Debug;
		};
		A6FE4EED1E25BE1D00C9C7AA /* Release */ = {
			isa = XCBuildConfiguration;
			buildSettings = {
				ALWAYS_SEARCH_USER_PATHS = NO;
				CLANG_ANALYZER_NONNULL = YES;
				CLANG_CXX_LANGUAGE_STANDARD = "gnu++0x";
				CLANG_CXX_LIBRARY = "libc++";
				CLANG_ENABLE_MODULES = YES;
				CLANG_ENABLE_OBJC_ARC = YES;
				CLANG_WARN_BOOL_CONVERSION = YES;
				CLANG_WARN_CONSTANT_CONVERSION = YES;
				CLANG_WARN_DIRECT_OBJC_ISA_USAGE = YES_ERROR;
				CLANG_WARN_DOCUMENTATION_COMMENTS = YES;
				CLANG_WARN_EMPTY_BODY = YES;
				CLANG_WARN_ENUM_CONVERSION = YES;
				CLANG_WARN_INFINITE_RECURSION = YES;
				CLANG_WARN_INT_CONVERSION = YES;
				CLANG_WARN_OBJC_ROOT_CLASS = YES_ERROR;
				CLANG_WARN_SUSPICIOUS_MOVE = YES;
				CLANG_WARN_UNREACHABLE_CODE = YES;
				CLANG_WARN__DUPLICATE_METHOD_MATCH = YES;
				"CODE_SIGN_IDENTITY[sdk=iphoneos*]" = "iPhone Developer";
				COPY_PHASE_STRIP = NO;
				DEBUG_INFORMATION_FORMAT = "dwarf-with-dsym";
				ENABLE_NS_ASSERTIONS = NO;
				ENABLE_STRICT_OBJC_MSGSEND = YES;
				GCC_C_LANGUAGE_STANDARD = gnu99;
				GCC_NO_COMMON_BLOCKS = YES;
				GCC_WARN_64_TO_32_BIT_CONVERSION = YES;
				GCC_WARN_ABOUT_RETURN_TYPE = YES_ERROR;
				GCC_WARN_UNDECLARED_SELECTOR = YES;
				GCC_WARN_UNINITIALIZED_AUTOS = YES_AGGRESSIVE;
				GCC_WARN_UNUSED_FUNCTION = YES;
				GCC_WARN_UNUSED_VARIABLE = YES;
				IPHONEOS_DEPLOYMENT_TARGET = 10.2;
				MTL_ENABLE_DEBUG_INFO = NO;
				SDKROOT = iphoneos;
				VALIDATE_PRODUCT = YES;
			};
			name = Release;
		};
		A6FE4EEF1E25BE1D00C9C7AA /* Debug */ = {
			isa = XCBuildConfiguration;
			buildSettings = {
				ASSETCATALOG_COMPILER_APPICON_NAME = AppIcon;
				INFOPLIST_FILE = FYUMSocialShareDemo/Info.plist;
				LD_RUNPATH_SEARCH_PATHS = "$(inherited) @executable_path/Frameworks";
				PRODUCT_BUNDLE_IDENTIFIER = FY.FYUMSocialShareDemo;
				PRODUCT_NAME = "$(TARGET_NAME)";
			};
			name = Debug;
		};
		A6FE4EF01E25BE1D00C9C7AA /* Release */ = {
			isa = XCBuildConfiguration;
			buildSettings = {
				ASSETCATALOG_COMPILER_APPICON_NAME = AppIcon;
				INFOPLIST_FILE = FYUMSocialShareDemo/Info.plist;
				LD_RUNPATH_SEARCH_PATHS = "$(inherited) @executable_path/Frameworks";
				PRODUCT_BUNDLE_IDENTIFIER = FY.FYUMSocialShareDemo;
				PRODUCT_NAME = "$(TARGET_NAME)";
			};
			name = Release;
		};
		A6FE4EF21E25BE1D00C9C7AA /* Debug */ = {
			isa = XCBuildConfiguration;
			buildSettings = {
				BUNDLE_LOADER = "$(TEST_HOST)";
				INFOPLIST_FILE = FYUMSocialShareDemoTests/Info.plist;
				LD_RUNPATH_SEARCH_PATHS = "$(inherited) @executable_path/Frameworks @loader_path/Frameworks";
				PRODUCT_BUNDLE_IDENTIFIER = FY.FYUMSocialShareDemoTests;
				PRODUCT_NAME = "$(TARGET_NAME)";
				TEST_HOST = "$(BUILT_PRODUCTS_DIR)/FYUMSocialShareDemo.app/FYUMSocialShareDemo";
			};
			name = Debug;
		};
		A6FE4EF31E25BE1D00C9C7AA /* Release */ = {
			isa = XCBuildConfiguration;
			buildSettings = {
				BUNDLE_LOADER = "$(TEST_HOST)";
				INFOPLIST_FILE = FYUMSocialShareDemoTests/Info.plist;
				LD_RUNPATH_SEARCH_PATHS = "$(inherited) @executable_path/Frameworks @loader_path/Frameworks";
				PRODUCT_BUNDLE_IDENTIFIER = FY.FYUMSocialShareDemoTests;
				PRODUCT_NAME = "$(TARGET_NAME)";
				TEST_HOST = "$(BUILT_PRODUCTS_DIR)/FYUMSocialShareDemo.app/FYUMSocialShareDemo";
			};
			name = Release;
		};
		A6FE4EF51E25BE1D00C9C7AA /* Debug */ = {
			isa = XCBuildConfiguration;
			buildSettings = {
				INFOPLIST_FILE = FYUMSocialShareDemoUITests/Info.plist;
				LD_RUNPATH_SEARCH_PATHS = "$(inherited) @executable_path/Frameworks @loader_path/Frameworks";
				PRODUCT_BUNDLE_IDENTIFIER = FY.FYUMSocialShareDemoUITests;
				PRODUCT_NAME = "$(TARGET_NAME)";
				TEST_TARGET_NAME = FYUMSocialShareDemo;
			};
			name = Debug;
		};
		A6FE4EF61E25BE1D00C9C7AA /* Release */ = {
			isa = XCBuildConfiguration;
			buildSettings = {
				INFOPLIST_FILE = FYUMSocialShareDemoUITests/Info.plist;
				LD_RUNPATH_SEARCH_PATHS = "$(inherited) @executable_path/Frameworks @loader_path/Frameworks";
				PRODUCT_BUNDLE_IDENTIFIER = FY.FYUMSocialShareDemoUITests;
				PRODUCT_NAME = "$(TARGET_NAME)";
				TEST_TARGET_NAME = FYUMSocialShareDemo;
			};
			name = Release;
		};
/* End XCBuildConfiguration section */

/* Begin XCConfigurationList section */
		A6FE4EBC1E25BE1C00C9C7AA /* Build configuration list for PBXProject "FYUMSocialShareDemo" */ = {
			isa = XCConfigurationList;
			buildConfigurations = (
				A6FE4EEC1E25BE1D00C9C7AA /* Debug */,
				A6FE4EED1E25BE1D00C9C7AA /* Release */,
			);
			defaultConfigurationIsVisible = 0;
			defaultConfigurationName = Release;
		};
		A6FE4EEE1E25BE1D00C9C7AA /* Build configuration list for PBXNativeTarget "FYUMSocialShareDemo" */ = {
			isa = XCConfigurationList;
			buildConfigurations = (
				A6FE4EEF1E25BE1D00C9C7AA /* Debug */,
				A6FE4EF01E25BE1D00C9C7AA /* Release */,
			);
			defaultConfigurationIsVisible = 0;
		};
		A6FE4EF11E25BE1D00C9C7AA /* Build configuration list for PBXNativeTarget "FYUMSocialShareDemoTests" */ = {
			isa = XCConfigurationList;
			buildConfigurations = (
				A6FE4EF21E25BE1D00C9C7AA /* Debug */,
				A6FE4EF31E25BE1D00C9C7AA /* Release */,
			);
			defaultConfigurationIsVisible = 0;
		};
		A6FE4EF41E25BE1D00C9C7AA /* Build configuration list for PBXNativeTarget "FYUMSocialShareDemoUITests" */ = {
			isa = XCConfigurationList;
			buildConfigurations = (
				A6FE4EF51E25BE1D00C9C7AA /* Debug */,
				A6FE4EF61E25BE1D00C9C7AA /* Release */,
			);
			defaultConfigurationIsVisible = 0;
		};
/* End XCConfigurationList section */
	};
	rootObject = A6FE4EB91E25BE1C00C9C7AA /* Project object */;
}
